
Microsoft Visual Studio Solution File, Format Version 12.00
# Visual Studio 15
VisualStudioVersion = 15.0.26730.16
MinimumVisualStudioVersion = 10.0.40219.1
Project("{FAE04EC0-301F-11D3-BF4B-00C04F79EFBC}") = "Face2Face", "Face2Face\Face2Face.csproj", "{F51BC309-890A-4DC7-9931-1939D3EDC6BD}"
EndProject
Project("{FAE04EC0-301F-11D3-BF4B-00C04F79EFBC}") = "Face2Face.Tests", "Face2Face.Tests\Face2Face.Tests.csproj", "{39C97556-4E60-475F-8DAE-76E4E5FD5F60}"
EndProject
Global
	GlobalSection(SolutionConfigurationPlatforms) = preSolution
		Debug|Any CPU = Debug|Any CPU
		Release|Any CPU = Release|Any CPU
	EndGlobalSection
	GlobalSection(ProjectConfigurationPlatforms) = postSolution
		{F51BC309-890A-4DC7-9931-1939D3EDC6BD}.Debug|Any CPU.ActiveCfg = Debug|Any CPU
		{F51BC309-890A-4DC7-9931-1939D3EDC6BD}.Debug|Any CPU.Build.0 = Debug|Any CPU
		{F51BC309-890A-4DC7-9931-1939D3EDC6BD}.Release|Any CPU.ActiveCfg = Release|Any CPU
		{F51BC309-890A-4DC7-9931-1939D3EDC6BD}.Release|Any CPU.Build.0 = Release|Any CPU
		{39C97556-4E60-475F-8DAE-76E4E5FD5F60}.Debug|Any CPU.ActiveCfg = Debug|Any CPU
		{39C97556-4E60-475F-8DAE-76E4E5FD5F60}.Debug|Any CPU.Build.0 = Debug|Any CPU
		{39C97556-4E60-475F-8DAE-76E4E5FD5F60}.Release|Any CPU.ActiveCfg = Release|Any CPU
		{39C97556-4E60-475F-8DAE-76E4E5FD5F60}.Release|Any CPU.Build.0 = Release|Any CPU
	EndGlobalSection
	GlobalSection(SolutionProperties) = preSolution
		HideSolutionNode = FALSE
	EndGlobalSection
	GlobalSection(ExtensibilityGlobals) = postSolution
		SolutionGuid = {00E90CB0-0C16-4CB2-B805-AECEE3DC69EB}
	EndGlobalSection
EndGlobal
